
Microsoft Visual Studio Solution File, Format Version 12.00
# Visual Studio Version 17
VisualStudioVersion = 17.3.32819.101
MinimumVisualStudioVersion = 10.0.40219.1
Project("{9A19103F-16F7-4668-BE54-9A1E7A4F7556}") = "Axolotl2D", "Axolotl2D\Axolotl2D.csproj", "{674CB059-5C4E-49AC-A07C-5A96D0036F96}"
EndProject
Project("{9A19103F-16F7-4668-BE54-9A1E7A4F7556}") = "Axolotl2D.Example", "Axolotl2D.Example\Axolotl2D.Example.csproj", "{CDFE220A-A76F-4F91-95C2-F48BEA807F30}"
EndProject
Global
	GlobalSection(SolutionConfigurationPlatforms) = preSolution
		Debug|Any CPU = Debug|Any CPU
		Debug-NoMenu|Any CPU = Debug-NoMenu|Any CPU
		Release|Any CPU = Release|Any CPU
	EndGlobalSection
	GlobalSection(ProjectConfigurationPlatforms) = postSolution
		{674CB059-5C4E-49AC-A07C-5A96D0036F96}.Debug|Any CPU.ActiveCfg = Debug|Any CPU
		{674CB059-5C4E-49AC-A07C-5A96D0036F96}.Debug|Any CPU.Build.0 = Debug|Any CPU
		{674CB059-5C4E-49AC-A07C-5A96D0036F96}.Debug-NoMenu|Any CPU.ActiveCfg = Debug|Any CPU
		{674CB059-5C4E-49AC-A07C-5A96D0036F96}.Release|Any CPU.ActiveCfg = Release|Any CPU
		{674CB059-5C4E-49AC-A07C-5A96D0036F96}.Release|Any CPU.Build.0 = Release|Any CPU
		{CDFE220A-A76F-4F91-95C2-F48BEA807F30}.Debug|Any CPU.ActiveCfg = Debug|Any CPU
		{CDFE220A-A76F-4F91-95C2-F48BEA807F30}.Debug|Any CPU.Build.0 = Debug|Any CPU
		{CDFE220A-A76F-4F91-95C2-F48BEA807F30}.Debug-NoMenu|Any CPU.ActiveCfg = Debug-NoMenu|Any CPU
		{CDFE220A-A76F-4F91-95C2-F48BEA807F30}.Debug-NoMenu|Any CPU.Build.0 = Debug-NoMenu|Any CPU
		{CDFE220A-A76F-4F91-95C2-F48BEA807F30}.Release|Any CPU.ActiveCfg = Release|Any CPU
		{CDFE220A-A76F-4F91-95C2-F48BEA807F30}.Release|Any CPU.Build.0 = Release|Any CPU
	EndGlobalSection
	GlobalSection(SolutionProperties) = preSolution
		HideSolutionNode = FALSE
	EndGlobalSection
	GlobalSection(ExtensibilityGlobals) = postSolution
		SolutionGuid = {7EED2463-8809-4907-9E27-4999E755B508}
	EndGlobalSection
EndGlobal
