
Microsoft Visual Studio Solution File, Format Version 12.00
# Visual Studio Version 17
VisualStudioVersion = 17.3.32819.101
MinimumVisualStudioVersion = 10.0.40219.1
Project("{FAE04EC0-301F-11D3-BF4B-00C04F79EFBC}") = "Axolotl2D", "Axolotl2D\Axolotl2D.csproj", "{C9218E3C-EC58-4C05-BAB9-BC3591B5DA9F}"
EndProject
Project("{FAE04EC0-301F-11D3-BF4B-00C04F79EFBC}") = "Axolotl2D.Sample", "Axolotl2D.Sample\Axolotl2D.Sample.csproj", "{420382FD-9E55-4785-B7F5-781636A15640}"
EndProject
Global
	GlobalSection(SolutionConfigurationPlatforms) = preSolution
		Debug|Any CPU = Debug|Any CPU
		Release|Any CPU = Release|Any CPU
	EndGlobalSection
	GlobalSection(ProjectConfigurationPlatforms) = postSolution
		{C9218E3C-EC58-4C05-BAB9-BC3591B5DA9F}.Debug|Any CPU.ActiveCfg = Debug|Any CPU
		{C9218E3C-EC58-4C05-BAB9-BC3591B5DA9F}.Debug|Any CPU.Build.0 = Debug|Any CPU
		{C9218E3C-EC58-4C05-BAB9-BC3591B5DA9F}.Release|Any CPU.ActiveCfg = Release|Any CPU
		{C9218E3C-EC58-4C05-BAB9-BC3591B5DA9F}.Release|Any CPU.Build.0 = Release|Any CPU
		{420382FD-9E55-4785-B7F5-781636A15640}.Debug|Any CPU.ActiveCfg = Debug|Any CPU
		{420382FD-9E55-4785-B7F5-781636A15640}.Debug|Any CPU.Build.0 = Debug|Any CPU
		{420382FD-9E55-4785-B7F5-781636A15640}.Release|Any CPU.ActiveCfg = Release|Any CPU
		{420382FD-9E55-4785-B7F5-781636A15640}.Release|Any CPU.Build.0 = Release|Any CPU
	EndGlobalSection
	GlobalSection(SolutionProperties) = preSolution
		HideSolutionNode = FALSE
	EndGlobalSection
	GlobalSection(ExtensibilityGlobals) = postSolution
		SolutionGuid = {8959A512-9395-4E28-AFAC-2FA9C9142277}
	EndGlobalSection
EndGlobal
